
Microsoft Visual Studio Solution File, Format Version 12.00
# Visual Studio 2012
Project("{FAE04EC0-301F-11D3-BF4B-00C04F79EFBC}") = "TGCheckList", "TGCheckList\TGCheckList.csproj", "{BF011E83-F4FB-46E3-A5E1-61FCEE0C240D}"
EndProject
Project("{FAE04EC0-301F-11D3-BF4B-00C04F79EFBC}") = "TGCheckList.iOS", "iOS\TGCheckList.iOS.csproj", "{2C124A00-D97F-43BD-9361-16B6E611AFA2}"
EndProject
Project("{FAE04EC0-301F-11D3-BF4B-00C04F79EFBC}") = "TGCheckList.Droid", "Droid\TGCheckList.Droid.csproj", "{98BC063A-EDFD-4D53-AFE2-8BA5031D8942}"
EndProject
Global
	GlobalSection(SolutionConfigurationPlatforms) = preSolution
		Debug|Any CPU = Debug|Any CPU
		Release|Any CPU = Release|Any CPU
		Debug|iPhoneSimulator = Debug|iPhoneSimulator
		Release|iPhone = Release|iPhone
		Release|iPhoneSimulator = Release|iPhoneSimulator
		Debug|iPhone = Debug|iPhone
	EndGlobalSection
	GlobalSection(ProjectConfigurationPlatforms) = postSolution
		{BF011E83-F4FB-46E3-A5E1-61FCEE0C240D}.Debug|Any CPU.ActiveCfg = Debug|Any CPU
		{BF011E83-F4FB-46E3-A5E1-61FCEE0C240D}.Debug|Any CPU.Build.0 = Debug|Any CPU
		{BF011E83-F4FB-46E3-A5E1-61FCEE0C240D}.Release|Any CPU.ActiveCfg = Release|Any CPU
		{BF011E83-F4FB-46E3-A5E1-61FCEE0C240D}.Release|Any CPU.Build.0 = Release|Any CPU
		{BF011E83-F4FB-46E3-A5E1-61FCEE0C240D}.Debug|iPhoneSimulator.ActiveCfg = Debug|Any CPU
		{BF011E83-F4FB-46E3-A5E1-61FCEE0C240D}.Debug|iPhoneSimulator.Build.0 = Debug|Any CPU
		{BF011E83-F4FB-46E3-A5E1-61FCEE0C240D}.Release|iPhone.ActiveCfg = Release|Any CPU
		{BF011E83-F4FB-46E3-A5E1-61FCEE0C240D}.Release|iPhone.Build.0 = Release|Any CPU
		{BF011E83-F4FB-46E3-A5E1-61FCEE0C240D}.Release|iPhoneSimulator.ActiveCfg = Release|Any CPU
		{BF011E83-F4FB-46E3-A5E1-61FCEE0C240D}.Release|iPhoneSimulator.Build.0 = Release|Any CPU
		{BF011E83-F4FB-46E3-A5E1-61FCEE0C240D}.Debug|iPhone.ActiveCfg = Debug|Any CPU
		{BF011E83-F4FB-46E3-A5E1-61FCEE0C240D}.Debug|iPhone.Build.0 = Debug|Any CPU
		{2C124A00-D97F-43BD-9361-16B6E611AFA2}.Debug|Any CPU.ActiveCfg = Debug|iPhoneSimulator
		{2C124A00-D97F-43BD-9361-16B6E611AFA2}.Debug|Any CPU.Build.0 = Debug|iPhoneSimulator
		{2C124A00-D97F-43BD-9361-16B6E611AFA2}.Release|Any CPU.ActiveCfg = Release|iPhone
		{2C124A00-D97F-43BD-9361-16B6E611AFA2}.Release|Any CPU.Build.0 = Release|iPhone
		{2C124A00-D97F-43BD-9361-16B6E611AFA2}.Debug|iPhoneSimulator.ActiveCfg = Debug|iPhoneSimulator
		{2C124A00-D97F-43BD-9361-16B6E611AFA2}.Debug|iPhoneSimulator.Build.0 = Debug|iPhoneSimulator
		{2C124A00-D97F-43BD-9361-16B6E611AFA2}.Release|iPhone.ActiveCfg = Release|iPhone
		{2C124A00-D97F-43BD-9361-16B6E611AFA2}.Release|iPhone.Build.0 = Release|iPhone
		{2C124A00-D97F-43BD-9361-16B6E611AFA2}.Release|iPhoneSimulator.ActiveCfg = Release|iPhoneSimulator
		{2C124A00-D97F-43BD-9361-16B6E611AFA2}.Release|iPhoneSimulator.Build.0 = Release|iPhoneSimulator
		{2C124A00-D97F-43BD-9361-16B6E611AFA2}.Debug|iPhone.ActiveCfg = Debug|iPhone
		{2C124A00-D97F-43BD-9361-16B6E611AFA2}.Debug|iPhone.Build.0 = Debug|iPhone
		{98BC063A-EDFD-4D53-AFE2-8BA5031D8942}.Debug|Any CPU.ActiveCfg = Debug|Any CPU
		{98BC063A-EDFD-4D53-AFE2-8BA5031D8942}.Debug|Any CPU.Build.0 = Debug|Any CPU
		{98BC063A-EDFD-4D53-AFE2-8BA5031D8942}.Release|Any CPU.ActiveCfg = Release|Any CPU
		{98BC063A-EDFD-4D53-AFE2-8BA5031D8942}.Release|Any CPU.Build.0 = Release|Any CPU
		{98BC063A-EDFD-4D53-AFE2-8BA5031D8942}.Debug|iPhoneSimulator.ActiveCfg = Debug|Any CPU
		{98BC063A-EDFD-4D53-AFE2-8BA5031D8942}.Debug|iPhoneSimulator.Build.0 = Debug|Any CPU
		{98BC063A-EDFD-4D53-AFE2-8BA5031D8942}.Release|iPhone.ActiveCfg = Release|Any CPU
		{98BC063A-EDFD-4D53-AFE2-8BA5031D8942}.Release|iPhone.Build.0 = Release|Any CPU
		{98BC063A-EDFD-4D53-AFE2-8BA5031D8942}.Release|iPhoneSimulator.ActiveCfg = Release|Any CPU
		{98BC063A-EDFD-4D53-AFE2-8BA5031D8942}.Release|iPhoneSimulator.Build.0 = Release|Any CPU
		{98BC063A-EDFD-4D53-AFE2-8BA5031D8942}.Debug|iPhone.ActiveCfg = Debug|Any CPU
		{98BC063A-EDFD-4D53-AFE2-8BA5031D8942}.Debug|iPhone.Build.0 = Debug|Any CPU
	EndGlobalSection
EndGlobal
